
Microsoft Visual Studio Solution File, Format Version 12.00
# Visual Studio Version 16
VisualStudioVersion = 16.0.30517.126
MinimumVisualStudioVersion = 10.0.40219.1
Project("{FAE04EC0-301F-11D3-BF4B-00C04F79EFBC}") = "Konsol_Baslangici", "Konsol_Baslangici\Konsol_Baslangici.csproj", "{235E6F28-7B38-404A-996B-ACBB31F894D5}"
EndProject
Project("{FAE04EC0-301F-11D3-BF4B-00C04F79EFBC}") = "FormProject", "FormProject\FormProject.csproj", "{95D14E19-C268-4423-9A91-537D79B588D7}"
EndProject
Global
	GlobalSection(SolutionConfigurationPlatforms) = preSolution
		Debug|Any CPU = Debug|Any CPU
		Release|Any CPU = Release|Any CPU
	EndGlobalSection
	GlobalSection(ProjectConfigurationPlatforms) = postSolution
		{235E6F28-7B38-404A-996B-ACBB31F894D5}.Debug|Any CPU.ActiveCfg = Debug|Any CPU
		{235E6F28-7B38-404A-996B-ACBB31F894D5}.Debug|Any CPU.Build.0 = Debug|Any CPU
		{235E6F28-7B38-404A-996B-ACBB31F894D5}.Release|Any CPU.ActiveCfg = Release|Any CPU
		{235E6F28-7B38-404A-996B-ACBB31F894D5}.Release|Any CPU.Build.0 = Release|Any CPU
		{95D14E19-C268-4423-9A91-537D79B588D7}.Debug|Any CPU.ActiveCfg = Debug|Any CPU
		{95D14E19-C268-4423-9A91-537D79B588D7}.Debug|Any CPU.Build.0 = Debug|Any CPU
		{95D14E19-C268-4423-9A91-537D79B588D7}.Release|Any CPU.ActiveCfg = Release|Any CPU
		{95D14E19-C268-4423-9A91-537D79B588D7}.Release|Any CPU.Build.0 = Release|Any CPU
	EndGlobalSection
	GlobalSection(SolutionProperties) = preSolution
		HideSolutionNode = FALSE
	EndGlobalSection
	GlobalSection(ExtensibilityGlobals) = postSolution
		SolutionGuid = {0C23C052-423D-4D33-A51E-29DC45ED0A76}
	EndGlobalSection
EndGlobal
